
Microsoft Visual Studio Solution File, Format Version 12.00
# Visual Studio Version 17
VisualStudioVersion = 17.3.32929.385
MinimumVisualStudioVersion = 10.0.40219.1
Project("{9A19103F-16F7-4668-BE54-9A1E7A4F7556}") = "ASAssignment", "ASAssignment\ASAssignment.csproj", "{F2474D0A-4572-4D2E-B250-7E4EF82D7546}"
EndProject
Global
	GlobalSection(SolutionConfigurationPlatforms) = preSolution
		Debug|Any CPU = Debug|Any CPU
		Release|Any CPU = Release|Any CPU
	EndGlobalSection
	GlobalSection(ProjectConfigurationPlatforms) = postSolution
		{F2474D0A-4572-4D2E-B250-7E4EF82D7546}.Debug|Any CPU.ActiveCfg = Debug|Any CPU
		{F2474D0A-4572-4D2E-B250-7E4EF82D7546}.Debug|Any CPU.Build.0 = Debug|Any CPU
		{F2474D0A-4572-4D2E-B250-7E4EF82D7546}.Release|Any CPU.ActiveCfg = Release|Any CPU
		{F2474D0A-4572-4D2E-B250-7E4EF82D7546}.Release|Any CPU.Build.0 = Release|Any CPU
	EndGlobalSection
	GlobalSection(SolutionProperties) = preSolution
		HideSolutionNode = FALSE
	EndGlobalSection
	GlobalSection(ExtensibilityGlobals) = postSolution
		SolutionGuid = {D9F39A47-739D-4B8B-94B0-19F1CB83F448}
	EndGlobalSection
EndGlobal
